
Microsoft Visual Studio Solution File, Format Version 12.00
# Visual Studio 2013
VisualStudioVersion = 12.0.31101.0
MinimumVisualStudioVersion = 10.0.40219.1
Project("{FAE04EC0-301F-11D3-BF4B-00C04F79EFBC}") = "Chef and Chain", "Codechef_FEB15\Chef and Chain.csproj", "{2F7AFB37-227D-4A99-AF79-C417201D188B}"
EndProject
Project("{FAE04EC0-301F-11D3-BF4B-00C04F79EFBC}") = "Chef and Equality", "Chef and Equalty\Chef and Equality.csproj", "{ACE181E3-399C-4B37-90EE-9CCAF6C7FCC0}"
EndProject
Global
	GlobalSection(SolutionConfigurationPlatforms) = preSolution
		Debug|Any CPU = Debug|Any CPU
		Release|Any CPU = Release|Any CPU
	EndGlobalSection
	GlobalSection(ProjectConfigurationPlatforms) = postSolution
		{2F7AFB37-227D-4A99-AF79-C417201D188B}.Debug|Any CPU.ActiveCfg = Debug|Any CPU
		{2F7AFB37-227D-4A99-AF79-C417201D188B}.Debug|Any CPU.Build.0 = Debug|Any CPU
		{2F7AFB37-227D-4A99-AF79-C417201D188B}.Release|Any CPU.ActiveCfg = Release|Any CPU
		{2F7AFB37-227D-4A99-AF79-C417201D188B}.Release|Any CPU.Build.0 = Release|Any CPU
		{ACE181E3-399C-4B37-90EE-9CCAF6C7FCC0}.Debug|Any CPU.ActiveCfg = Debug|Any CPU
		{ACE181E3-399C-4B37-90EE-9CCAF6C7FCC0}.Debug|Any CPU.Build.0 = Debug|Any CPU
		{ACE181E3-399C-4B37-90EE-9CCAF6C7FCC0}.Release|Any CPU.ActiveCfg = Release|Any CPU
		{ACE181E3-399C-4B37-90EE-9CCAF6C7FCC0}.Release|Any CPU.Build.0 = Release|Any CPU
	EndGlobalSection
	GlobalSection(SolutionProperties) = preSolution
		HideSolutionNode = FALSE
	EndGlobalSection
EndGlobal
